
Microsoft Visual Studio Solution File, Format Version 12.00
# Visual Studio Version 16
VisualStudioVersion = 16.0.31702.278
MinimumVisualStudioVersion = 10.0.40219.1
Project("{FAE04EC0-301F-11D3-BF4B-00C04F79EFBC}") = "AdaUnoVazquezValdez", "AdaUnoVazquezValdez\AdaUnoVazquezValdez.csproj", "{C21F2819-6DEE-4773-A7A9-FD4565A01D9D}"
EndProject
Global
	GlobalSection(SolutionConfigurationPlatforms) = preSolution
		Debug|Any CPU = Debug|Any CPU
		Release|Any CPU = Release|Any CPU
	EndGlobalSection
	GlobalSection(ProjectConfigurationPlatforms) = postSolution
		{C21F2819-6DEE-4773-A7A9-FD4565A01D9D}.Debug|Any CPU.ActiveCfg = Debug|Any CPU
		{C21F2819-6DEE-4773-A7A9-FD4565A01D9D}.Debug|Any CPU.Build.0 = Debug|Any CPU
		{C21F2819-6DEE-4773-A7A9-FD4565A01D9D}.Release|Any CPU.ActiveCfg = Release|Any CPU
		{C21F2819-6DEE-4773-A7A9-FD4565A01D9D}.Release|Any CPU.Build.0 = Release|Any CPU
	EndGlobalSection
	GlobalSection(SolutionProperties) = preSolution
		HideSolutionNode = FALSE
	EndGlobalSection
	GlobalSection(ExtensibilityGlobals) = postSolution
		SolutionGuid = {6729C9AB-BFC6-4E91-818F-D59C95249758}
	EndGlobalSection
EndGlobal
